
Microsoft Visual Studio Solution File, Format Version 12.00
# Visual Studio Version 16
VisualStudioVersion = 16.0.32106.194
MinimumVisualStudioVersion = 10.0.40219.1
Project("{FAE04EC0-301F-11D3-BF4B-00C04F79EFBC}") = "RConsumer", "RConsumer\RConsumer.csproj", "{661AFCC0-EF61-4700-83E5-5260221EFAE9}"
EndProject
Global
	GlobalSection(SolutionConfigurationPlatforms) = preSolution
		Debug|Any CPU = Debug|Any CPU
		Release|Any CPU = Release|Any CPU
	EndGlobalSection
	GlobalSection(ProjectConfigurationPlatforms) = postSolution
		{661AFCC0-EF61-4700-83E5-5260221EFAE9}.Debug|Any CPU.ActiveCfg = Debug|Any CPU
		{661AFCC0-EF61-4700-83E5-5260221EFAE9}.Debug|Any CPU.Build.0 = Debug|Any CPU
		{661AFCC0-EF61-4700-83E5-5260221EFAE9}.Release|Any CPU.ActiveCfg = Release|Any CPU
		{661AFCC0-EF61-4700-83E5-5260221EFAE9}.Release|Any CPU.Build.0 = Release|Any CPU
	EndGlobalSection
	GlobalSection(SolutionProperties) = preSolution
		HideSolutionNode = FALSE
	EndGlobalSection
	GlobalSection(ExtensibilityGlobals) = postSolution
		SolutionGuid = {F1D996E6-D3DB-4559-8885-174989881CA1}
	EndGlobalSection
EndGlobal
